// !$*UTF8*$!
{
	archiveVersion = 1;
	classes = {
	};
	objectVersion = 51;
	objects = {

/* Begin PBXBuildFile section */
		1A0A7B6BD00A7E9663DED8CD /* Pods_Harry_Potter_Ilke_Harry_Potter_IlkeUITests.framework in Frameworks */ = {isa = PBXBuildFile; fileRef = 8C09AECB9879FDDA46C30A34 /* Pods_Harry_Potter_Ilke_Harry_Potter_IlkeUITests.framework */; };
		410EAD3426AAF23E0032B49D /* ProductList.swift in Sources */ = {isa = PBXBuildFile; fileRef = 410EAD3326AAF23E0032B49D /* ProductList.swift */; };
		414B623926AAFF26003A7F36 /* UIFont+Extensions.swift in Sources */ = {isa = PBXBuildFile; fileRef = 414B623826AAFF26003A7F36 /* UIFont+Extensions.swift */; };
		414B623C26AAFF7F003A7F36 /* ThemeManager.swift in Sources */ = {isa = PBXBuildFile; fileRef = 414B623B26AAFF7F003A7F36 /* ThemeManager.swift */; };
		414B623E26AB01FB003A7F36 /* UIColor+Extensions.swift in Sources */ = {isa = PBXBuildFile; fileRef = 414B623D26AB01FB003A7F36 /* UIColor+Extensions.swift */; };
		414B626A26AC7B7B003A7F36 /* FlowCoordinator.swift in Sources */ = {isa = PBXBuildFile; fileRef = 414B626926AC7B7B003A7F36 /* FlowCoordinator.swift */; };
		414B626C26AC7B92003A7F36 /* ApplicationFlowCoordinator.swift in Sources */ = {isa = PBXBuildFile; fileRef = 414B626B26AC7B92003A7F36 /* ApplicationFlowCoordinator.swift */; };
		414B626E26AC7BB9003A7F36 /* ApplicationComponentsFactory.swift in Sources */ = {isa = PBXBuildFile; fileRef = 414B626D26AC7BB9003A7F36 /* ApplicationComponentsFactory.swift */; };
		414B627026AC7C68003A7F36 /* FlowCoordinatorDependencyProviders.swift in Sources */ = {isa = PBXBuildFile; fileRef = 414B626F26AC7C68003A7F36 /* FlowCoordinatorDependencyProviders.swift */; };
		414B627226AC7CA8003A7F36 /* ProductListFlowCoordinator.swift in Sources */ = {isa = PBXBuildFile; fileRef = 414B627126AC7CA8003A7F36 /* ProductListFlowCoordinator.swift */; };
		414B627426AC7CEF003A7F36 /* ProductListViewModelType.swift in Sources */ = {isa = PBXBuildFile; fileRef = 414B627326AC7CEF003A7F36 /* ProductListViewModelType.swift */; };
		414B627826AC7D41003A7F36 /* ProductListViewController+Extensions.swift in Sources */ = {isa = PBXBuildFile; fileRef = 414B627726AC7D41003A7F36 /* ProductListViewController+Extensions.swift */; };
		414B627A26AC7D5B003A7F36 /* ProductListNavigator.swift in Sources */ = {isa = PBXBuildFile; fileRef = 414B627926AC7D5B003A7F36 /* ProductListNavigator.swift */; };
		414B627C26AC7DBA003A7F36 /* ProductListViewModel.swift in Sources */ = {isa = PBXBuildFile; fileRef = 414B627B26AC7DBA003A7F36 /* ProductListViewModel.swift */; };
		414B627F26AC7E51003A7F36 /* UIViewController+Child.swift in Sources */ = {isa = PBXBuildFile; fileRef = 414B627E26AC7E51003A7F36 /* UIViewController+Child.swift */; };
		414B628226AC7EE5003A7F36 /* ProductListCase.swift in Sources */ = {isa = PBXBuildFile; fileRef = 414B628126AC7EE5003A7F36 /* ProductListCase.swift */; };
		414B628426AC7F09003A7F36 /* ResourceFile.swift in Sources */ = {isa = PBXBuildFile; fileRef = 414B628326AC7F09003A7F36 /* ResourceFile.swift */; };
		414B628826AC7F67003A7F36 /* ServicesProvider.swift in Sources */ = {isa = PBXBuildFile; fileRef = 414B628726AC7F67003A7F36 /* ServicesProvider.swift */; };
		414B628B26AC8245003A7F36 /* NetworkServiceType.swift in Sources */ = {isa = PBXBuildFile; fileRef = 414B628A26AC8245003A7F36 /* NetworkServiceType.swift */; };
		414B628D26AC8285003A7F36 /* NetworkService.swift in Sources */ = {isa = PBXBuildFile; fileRef = 414B628C26AC8285003A7F36 /* NetworkService.swift */; };
		414B628F26AC8304003A7F36 /* Resource.swift in Sources */ = {isa = PBXBuildFile; fileRef = 414B628E26AC8304003A7F36 /* Resource.swift */; };
		414B629126AC8334003A7F36 /* Scheduler.swift in Sources */ = {isa = PBXBuildFile; fileRef = 414B629026AC8334003A7F36 /* Scheduler.swift */; };
		414B629426AC8397003A7F36 /* Publisher+Utils.swift in Sources */ = {isa = PBXBuildFile; fileRef = 414B629326AC8397003A7F36 /* Publisher+Utils.swift */; };
		414B629626AC83AF003A7F36 /* AutoMockable.swift in Sources */ = {isa = PBXBuildFile; fileRef = 414B629526AC83AF003A7F36 /* AutoMockable.swift */; };
		414B629826AC83C4003A7F36 /* AccessibilityIdentifiers.swift in Sources */ = {isa = PBXBuildFile; fileRef = 414B629726AC83C4003A7F36 /* AccessibilityIdentifiers.swift */; };
		414B629C26AC8465003A7F36 /* Log.swift in Sources */ = {isa = PBXBuildFile; fileRef = 414B629B26AC8465003A7F36 /* Log.swift */; };
		414B629F26ACA412003A7F36 /* ProductDetailViewControlller.swift in Sources */ = {isa = PBXBuildFile; fileRef = 414B629E26ACA412003A7F36 /* ProductDetailViewControlller.swift */; };
		414B62A126AD6ACD003A7F36 /* ProductListModelTest.swift in Sources */ = {isa = PBXBuildFile; fileRef = 414B62A026AD6ACD003A7F36 /* ProductListModelTest.swift */; };
		414B62A326AD73DF003A7F36 /* ProductListControllerTests.swift in Sources */ = {isa = PBXBuildFile; fileRef = 414B62A226AD73DF003A7F36 /* ProductListControllerTests.swift */; };
		414B62A526ADB28C003A7F36 /* DefaultsManagable.swift in Sources */ = {isa = PBXBuildFile; fileRef = 414B62A426ADB28C003A7F36 /* DefaultsManagable.swift */; };
		414B62A726ADB329003A7F36 /* Serializable+Protocol.swift in Sources */ = {isa = PBXBuildFile; fileRef = 414B62A626ADB329003A7F36 /* Serializable+Protocol.swift */; };
		41E0E1E126AA134F00EF06DA /* AppDelegate.swift in Sources */ = {isa = PBXBuildFile; fileRef = 41E0E1E026AA134F00EF06DA /* AppDelegate.swift */; };
		41E0E1E526AA134F00EF06DA /* ProductListViewController.swift in Sources */ = {isa = PBXBuildFile; fileRef = 41E0E1E426AA134F00EF06DA /* ProductListViewController.swift */; };
		41E0E1EA26AA135200EF06DA /* Assets.xcassets in Resources */ = {isa = PBXBuildFile; fileRef = 41E0E1E926AA135200EF06DA /* Assets.xcassets */; };
		41E0E1ED26AA135200EF06DA /* LaunchScreen.storyboard in Resources */ = {isa = PBXBuildFile; fileRef = 41E0E1EB26AA135200EF06DA /* LaunchScreen.storyboard */; };
		41E0E1F826AA135300EF06DA /* Harry_Potter_IlkeTests.swift in Sources */ = {isa = PBXBuildFile; fileRef = 41E0E1F726AA135300EF06DA /* Harry_Potter_IlkeTests.swift */; };
		41E0E20326AA135300EF06DA /* Harry_Potter_IlkeUITests.swift in Sources */ = {isa = PBXBuildFile; fileRef = 41E0E20226AA135300EF06DA /* Harry_Potter_IlkeUITests.swift */; };
		41E0E24F26AA1A0300EF06DA /* ProductCell.swift in Sources */ = {isa = PBXBuildFile; fileRef = 41E0E24E26AA1A0300EF06DA /* ProductCell.swift */; };
		41E0E25126AA1ADB00EF06DA /* products.json in Resources */ = {isa = PBXBuildFile; fileRef = 41E0E25026AA1ADB00EF06DA /* products.json */; };
		5584657D5B4F14C3599753B7 /* Pods_Harry_Potter_Ilke.framework in Frameworks */ = {isa = PBXBuildFile; fileRef = CC3135E5BDA1175B04F3B91A /* Pods_Harry_Potter_Ilke.framework */; };
		9ABA091A5F47CB320E35A517 /* Pods_Harry_Potter_IlkeTests.framework in Frameworks */ = {isa = PBXBuildFile; fileRef = F15EB3FDAC9D6023300A7610 /* Pods_Harry_Potter_IlkeTests.framework */; };
/* End PBXBuildFile section */

/* Begin PBXContainerItemProxy section */
		41E0E1F426AA135300EF06DA /* PBXContainerItemProxy */ = {
			isa = PBXContainerItemProxy;
			containerPortal = 41E0E1D526AA134F00EF06DA /* Project object */;
			proxyType = 1;
			remoteGlobalIDString = 41E0E1DC26AA134F00EF06DA;
			remoteInfo = "Harry Potter Ilke";
		};
		41E0E1FF26AA135300EF06DA /* PBXContainerItemProxy */ = {
			isa = PBXContainerItemProxy;
			containerPortal = 41E0E1D526AA134F00EF06DA /* Project object */;
			proxyType = 1;
			remoteGlobalIDString = 41E0E1DC26AA134F00EF06DA;
			remoteInfo = "Harry Potter Ilke";
		};
/* End PBXContainerItemProxy section */

/* Begin PBXFileReference section */
		2B8B341E972805990596B899 /* Pods-Harry Potter Ilke-Harry Potter IlkeUITests.release.xcconfig */ = {isa = PBXFileReference; includeInIndex = 1; lastKnownFileType = text.xcconfig; name = "Pods-Harry Potter Ilke-Harry Potter IlkeUITests.release.xcconfig"; path = "Target Support Files/Pods-Harry Potter Ilke-Harry Potter IlkeUITests/Pods-Harry Potter Ilke-Harry Potter IlkeUITests.release.xcconfig"; sourceTree = "<group>"; };
		410EAD3326AAF23E0032B49D /* ProductList.swift */ = {isa = PBXFileReference; lastKnownFileType = sourcecode.swift; path = ProductList.swift; sourceTree = "<group>"; };
		414B623826AAFF26003A7F36 /* UIFont+Extensions.swift */ = {isa = PBXFileReference; lastKnownFileType = sourcecode.swift; path = "UIFont+Extensions.swift"; sourceTree = "<group>"; };
		414B623B26AAFF7F003A7F36 /* ThemeManager.swift */ = {isa = PBXFileReference; lastKnownFileType = sourcecode.swift; path = ThemeManager.swift; sourceTree = "<group>"; };
		414B623D26AB01FB003A7F36 /* UIColor+Extensions.swift */ = {isa = PBXFileReference; lastKnownFileType = sourcecode.swift; path = "UIColor+Extensions.swift"; sourceTree = "<group>"; };
		414B626926AC7B7B003A7F36 /* FlowCoordinator.swift */ = {isa = PBXFileReference; lastKnownFileType = sourcecode.swift; path = FlowCoordinator.swift; sourceTree = "<group>"; };
		414B626B26AC7B92003A7F36 /* ApplicationFlowCoordinator.swift */ = {isa = PBXFileReference; lastKnownFileType = sourcecode.swift; path = ApplicationFlowCoordinator.swift; sourceTree = "<group>"; };
		414B626D26AC7BB9003A7F36 /* ApplicationComponentsFactory.swift */ = {isa = PBXFileReference; lastKnownFileType = sourcecode.swift; path = ApplicationComponentsFactory.swift; sourceTree = "<group>"; };
		414B626F26AC7C68003A7F36 /* FlowCoordinatorDependencyProviders.swift */ = {isa = PBXFileReference; lastKnownFileType = sourcecode.swift; path = FlowCoordinatorDependencyProviders.swift; sourceTree = "<group>"; };
		414B627126AC7CA8003A7F36 /* ProductListFlowCoordinator.swift */ = {isa = PBXFileReference; lastKnownFileType = sourcecode.swift; path = ProductListFlowCoordinator.swift; sourceTree = "<group>"; };
		414B627326AC7CEF003A7F36 /* ProductListViewModelType.swift */ = {isa = PBXFileReference; lastKnownFileType = sourcecode.swift; path = ProductListViewModelType.swift; sourceTree = "<group>"; };
		414B627726AC7D41003A7F36 /* ProductListViewController+Extensions.swift */ = {isa = PBXFileReference; lastKnownFileType = sourcecode.swift; path = "ProductListViewController+Extensions.swift"; sourceTree = "<group>"; };
		414B627926AC7D5B003A7F36 /* ProductListNavigator.swift */ = {isa = PBXFileReference; lastKnownFileType = sourcecode.swift; path = ProductListNavigator.swift; sourceTree = "<group>"; };
		414B627B26AC7DBA003A7F36 /* ProductListViewModel.swift */ = {isa = PBXFileReference; lastKnownFileType = sourcecode.swift; path = ProductListViewModel.swift; sourceTree = "<group>"; };
		414B627E26AC7E51003A7F36 /* UIViewController+Child.swift */ = {isa = PBXFileReference; lastKnownFileType = sourcecode.swift; path = "UIViewController+Child.swift"; sourceTree = "<group>"; };
		414B628126AC7EE5003A7F36 /* ProductListCase.swift */ = {isa = PBXFileReference; lastKnownFileType = sourcecode.swift; path = ProductListCase.swift; sourceTree = "<group>"; };
		414B628326AC7F09003A7F36 /* ResourceFile.swift */ = {isa = PBXFileReference; lastKnownFileType = sourcecode.swift; path = ResourceFile.swift; sourceTree = "<group>"; };
		414B628726AC7F67003A7F36 /* ServicesProvider.swift */ = {isa = PBXFileReference; lastKnownFileType = sourcecode.swift; path = ServicesProvider.swift; sourceTree = "<group>"; };
		414B628A26AC8245003A7F36 /* NetworkServiceType.swift */ = {isa = PBXFileReference; lastKnownFileType = sourcecode.swift; path = NetworkServiceType.swift; sourceTree = "<group>"; };
		414B628C26AC8285003A7F36 /* NetworkService.swift */ = {isa = PBXFileReference; lastKnownFileType = sourcecode.swift; path = NetworkService.swift; sourceTree = "<group>"; };
		414B628E26AC8304003A7F36 /* Resource.swift */ = {isa = PBXFileReference; lastKnownFileType = sourcecode.swift; path = Resource.swift; sourceTree = "<group>"; };
		414B629026AC8334003A7F36 /* Scheduler.swift */ = {isa = PBXFileReference; lastKnownFileType = sourcecode.swift; path = Scheduler.swift; sourceTree = "<group>"; };
		414B629326AC8397003A7F36 /* Publisher+Utils.swift */ = {isa = PBXFileReference; lastKnownFileType = sourcecode.swift; path = "Publisher+Utils.swift"; sourceTree = "<group>"; };
		414B629526AC83AF003A7F36 /* AutoMockable.swift */ = {isa = PBXFileReference; lastKnownFileType = sourcecode.swift; path = AutoMockable.swift; sourceTree = "<group>"; };
		414B629726AC83C4003A7F36 /* AccessibilityIdentifiers.swift */ = {isa = PBXFileReference; lastKnownFileType = sourcecode.swift; path = AccessibilityIdentifiers.swift; sourceTree = "<group>"; };
		414B629B26AC8465003A7F36 /* Log.swift */ = {isa = PBXFileReference; lastKnownFileType = sourcecode.swift; path = Log.swift; sourceTree = "<group>"; };
		414B629E26ACA412003A7F36 /* ProductDetailViewControlller.swift */ = {isa = PBXFileReference; lastKnownFileType = sourcecode.swift; path = ProductDetailViewControlller.swift; sourceTree = "<group>"; };
		414B62A026AD6ACD003A7F36 /* ProductListModelTest.swift */ = {isa = PBXFileReference; lastKnownFileType = sourcecode.swift; path = ProductListModelTest.swift; sourceTree = "<group>"; };
		414B62A226AD73DF003A7F36 /* ProductListControllerTests.swift */ = {isa = PBXFileReference; lastKnownFileType = sourcecode.swift; path = ProductListControllerTests.swift; sourceTree = "<group>"; };
		414B62A426ADB28C003A7F36 /* DefaultsManagable.swift */ = {isa = PBXFileReference; lastKnownFileType = sourcecode.swift; path = DefaultsManagable.swift; sourceTree = "<group>"; };
		414B62A626ADB329003A7F36 /* Serializable+Protocol.swift */ = {isa = PBXFileReference; lastKnownFileType = sourcecode.swift; path = "Serializable+Protocol.swift"; sourceTree = "<group>"; };
		4150E8400093E0BE71F66336 /* Pods-Harry Potter Ilke.debug.xcconfig */ = {isa = PBXFileReference; includeInIndex = 1; lastKnownFileType = text.xcconfig; name = "Pods-Harry Potter Ilke.debug.xcconfig"; path = "Target Support Files/Pods-Harry Potter Ilke/Pods-Harry Potter Ilke.debug.xcconfig"; sourceTree = "<group>"; };
		41E0E1DD26AA134F00EF06DA /* Harry Potter Ilke.app */ = {isa = PBXFileReference; explicitFileType = wrapper.application; includeInIndex = 0; path = "Harry Potter Ilke.app"; sourceTree = BUILT_PRODUCTS_DIR; };
		41E0E1E026AA134F00EF06DA /* AppDelegate.swift */ = {isa = PBXFileReference; lastKnownFileType = sourcecode.swift; path = AppDelegate.swift; sourceTree = "<group>"; };
		41E0E1E426AA134F00EF06DA /* ProductListViewController.swift */ = {isa = PBXFileReference; lastKnownFileType = sourcecode.swift; path = ProductListViewController.swift; sourceTree = "<group>"; };
		41E0E1E926AA135200EF06DA /* Assets.xcassets */ = {isa = PBXFileReference; lastKnownFileType = folder.assetcatalog; path = Assets.xcassets; sourceTree = "<group>"; };
		41E0E1EC26AA135200EF06DA /* Base */ = {isa = PBXFileReference; lastKnownFileType = file.storyboard; name = Base; path = Base.lproj/LaunchScreen.storyboard; sourceTree = "<group>"; };
		41E0E1EE26AA135200EF06DA /* Info.plist */ = {isa = PBXFileReference; lastKnownFileType = text.plist.xml; path = Info.plist; sourceTree = "<group>"; };
		41E0E1F326AA135300EF06DA /* Harry Potter IlkeTests.xctest */ = {isa = PBXFileReference; explicitFileType = wrapper.cfbundle; includeInIndex = 0; path = "Harry Potter IlkeTests.xctest"; sourceTree = BUILT_PRODUCTS_DIR; };
		41E0E1F726AA135300EF06DA /* Harry_Potter_IlkeTests.swift */ = {isa = PBXFileReference; lastKnownFileType = sourcecode.swift; path = Harry_Potter_IlkeTests.swift; sourceTree = "<group>"; };
		41E0E1F926AA135300EF06DA /* Info.plist */ = {isa = PBXFileReference; lastKnownFileType = text.plist.xml; path = Info.plist; sourceTree = "<group>"; };
		41E0E1FE26AA135300EF06DA /* Harry Potter IlkeUITests.xctest */ = {isa = PBXFileReference; explicitFileType = wrapper.cfbundle; includeInIndex = 0; path = "Harry Potter IlkeUITests.xctest"; sourceTree = BUILT_PRODUCTS_DIR; };
		41E0E20226AA135300EF06DA /* Harry_Potter_IlkeUITests.swift */ = {isa = PBXFileReference; lastKnownFileType = sourcecode.swift; path = Harry_Potter_IlkeUITests.swift; sourceTree = "<group>"; };
		41E0E20426AA135300EF06DA /* Info.plist */ = {isa = PBXFileReference; lastKnownFileType = text.plist.xml; path = Info.plist; sourceTree = "<group>"; };
		41E0E24E26AA1A0300EF06DA /* ProductCell.swift */ = {isa = PBXFileReference; lastKnownFileType = sourcecode.swift; path = ProductCell.swift; sourceTree = "<group>"; };
		41E0E25026AA1ADB00EF06DA /* products.json */ = {isa = PBXFileReference; fileEncoding = 4; lastKnownFileType = text.json; path = products.json; sourceTree = "<group>"; };
		53C35E172C662E4DB76D2A24 /* Pods-Harry Potter Ilke.release.xcconfig */ = {isa = PBXFileReference; includeInIndex = 1; lastKnownFileType = text.xcconfig; name = "Pods-Harry Potter Ilke.release.xcconfig"; path = "Target Support Files/Pods-Harry Potter Ilke/Pods-Harry Potter Ilke.release.xcconfig"; sourceTree = "<group>"; };
		64FC8AF6CA7FA1AEE56D896A /* Pods-Harry Potter IlkeTests.debug.xcconfig */ = {isa = PBXFileReference; includeInIndex = 1; lastKnownFileType = text.xcconfig; name = "Pods-Harry Potter IlkeTests.debug.xcconfig"; path = "Target Support Files/Pods-Harry Potter IlkeTests/Pods-Harry Potter IlkeTests.debug.xcconfig"; sourceTree = "<group>"; };
		8C09AECB9879FDDA46C30A34 /* Pods_Harry_Potter_Ilke_Harry_Potter_IlkeUITests.framework */ = {isa = PBXFileReference; explicitFileType = wrapper.framework; includeInIndex = 0; path = Pods_Harry_Potter_Ilke_Harry_Potter_IlkeUITests.framework; sourceTree = BUILT_PRODUCTS_DIR; };
		B18648A2B82E5DB86B27EB99 /* Pods-Harry Potter Ilke-Harry Potter IlkeUITests.debug.xcconfig */ = {isa = PBXFileReference; includeInIndex = 1; lastKnownFileType = text.xcconfig; name = "Pods-Harry Potter Ilke-Harry Potter IlkeUITests.debug.xcconfig"; path = "Target Support Files/Pods-Harry Potter Ilke-Harry Potter IlkeUITests/Pods-Harry Potter Ilke-Harry Potter IlkeUITests.debug.xcconfig"; sourceTree = "<group>"; };
		CC3135E5BDA1175B04F3B91A /* Pods_Harry_Potter_Ilke.framework */ = {isa = PBXFileReference; explicitFileType = wrapper.framework; includeInIndex = 0; path = Pods_Harry_Potter_Ilke.framework; sourceTree = BUILT_PRODUCTS_DIR; };
		D3547038D5015FD3C58CE88F /* Pods-Harry Potter IlkeTests.release.xcconfig */ = {isa = PBXFileReference; includeInIndex = 1; lastKnownFileType = text.xcconfig; name = "Pods-Harry Potter IlkeTests.release.xcconfig"; path = "Target Support Files/Pods-Harry Potter IlkeTests/Pods-Harry Potter IlkeTests.release.xcconfig"; sourceTree = "<group>"; };
		F15EB3FDAC9D6023300A7610 /* Pods_Harry_Potter_IlkeTests.framework */ = {isa = PBXFileReference; explicitFileType = wrapper.framework; includeInIndex = 0; path = Pods_Harry_Potter_IlkeTests.framework; sourceTree = BUILT_PRODUCTS_DIR; };
/* End PBXFileReference section */

/* Begin PBXFrameworksBuildPhase section */
		41E0E1DA26AA134F00EF06DA /* Frameworks */ = {
			isa = PBXFrameworksBuildPhase;
			buildActionMask = 2147483647;
			files = (
				5584657D5B4F14C3599753B7 /* Pods_Harry_Potter_Ilke.framework in Frameworks */,
			);
			runOnlyForDeploymentPostprocessing = 0;
		};
		41E0E1F026AA135300EF06DA /* Frameworks */ = {
			isa = PBXFrameworksBuildPhase;
			buildActionMask = 2147483647;
			files = (
				9ABA091A5F47CB320E35A517 /* Pods_Harry_Potter_IlkeTests.framework in Frameworks */,
			);
			runOnlyForDeploymentPostprocessing = 0;
		};
		41E0E1FB26AA135300EF06DA /* Frameworks */ = {
			isa = PBXFrameworksBuildPhase;
			buildActionMask = 2147483647;
			files = (
				1A0A7B6BD00A7E9663DED8CD /* Pods_Harry_Potter_Ilke_Harry_Potter_IlkeUITests.framework in Frameworks */,
			);
			runOnlyForDeploymentPostprocessing = 0;
		};
/* End PBXFrameworksBuildPhase section */

/* Begin PBXGroup section */
		414B623726AAFF00003A7F36 /* Extensions */ = {
			isa = PBXGroup;
			children = (
				414B623826AAFF26003A7F36 /* UIFont+Extensions.swift */,
				414B623D26AB01FB003A7F36 /* UIColor+Extensions.swift */,
			);
			path = Extensions;
			sourceTree = "<group>";
		};
		414B623A26AAFF6A003A7F36 /* Managers */ = {
			isa = PBXGroup;
			children = (
				414B623B26AAFF7F003A7F36 /* ThemeManager.swift */,
			);
			path = Managers;
			sourceTree = "<group>";
		};
		414B625C26AC7B27003A7F36 /* FlowCoordinators */ = {
			isa = PBXGroup;
			children = (
				414B626926AC7B7B003A7F36 /* FlowCoordinator.swift */,
				414B626B26AC7B92003A7F36 /* ApplicationFlowCoordinator.swift */,
				414B626D26AC7BB9003A7F36 /* ApplicationComponentsFactory.swift */,
				414B626F26AC7C68003A7F36 /* FlowCoordinatorDependencyProviders.swift */,
				414B627126AC7CA8003A7F36 /* ProductListFlowCoordinator.swift */,
				414B627326AC7CEF003A7F36 /* ProductListViewModelType.swift */,
			);
			path = FlowCoordinators;
			sourceTree = "<group>";
		};
		414B627626AC7D15003A7F36 /* Views */ = {
			isa = PBXGroup;
			children = (
				414B627D26AC7E2C003A7F36 /* Utils */,
				41E0E24C26AA199B00EF06DA /* ProductList */,
				414B629D26AC9CC3003A7F36 /* ProductDetail */,
			);
			path = Views;
			sourceTree = "<group>";
		};
		414B627D26AC7E2C003A7F36 /* Utils */ = {
			isa = PBXGroup;
			children = (
				414B627E26AC7E51003A7F36 /* UIViewController+Child.swift */,
			);
			path = Utils;
			sourceTree = "<group>";
		};
		414B628026AC7ECD003A7F36 /* UseCases */ = {
			isa = PBXGroup;
			children = (
				414B628526AC7F1A003A7F36 /* Entities */,
				414B628126AC7EE5003A7F36 /* ProductListCase.swift */,
				414B628326AC7F09003A7F36 /* ResourceFile.swift */,
			);
			path = UseCases;
			sourceTree = "<group>";
		};
		414B628526AC7F1A003A7F36 /* Entities */ = {
			isa = PBXGroup;
			children = (
				410EAD3326AAF23E0032B49D /* ProductList.swift */,
			);
			path = Entities;
			sourceTree = "<group>";
		};
		414B628626AC7F55003A7F36 /* Services */ = {
			isa = PBXGroup;
			children = (
				414B628926AC8199003A7F36 /* Network */,
				414B628726AC7F67003A7F36 /* ServicesProvider.swift */,
				414B629026AC8334003A7F36 /* Scheduler.swift */,
			);
			path = Services;
			sourceTree = "<group>";
		};
		414B628926AC8199003A7F36 /* Network */ = {
			isa = PBXGroup;
			children = (
				414B628A26AC8245003A7F36 /* NetworkServiceType.swift */,
				414B628C26AC8285003A7F36 /* NetworkService.swift */,
				414B628E26AC8304003A7F36 /* Resource.swift */,
			);
			path = Network;
			sourceTree = "<group>";
		};
		414B629226AC837F003A7F36 /* Utils */ = {
			isa = PBXGroup;
			children = (
				414B629326AC8397003A7F36 /* Publisher+Utils.swift */,
				414B629526AC83AF003A7F36 /* AutoMockable.swift */,
				414B629726AC83C4003A7F36 /* AccessibilityIdentifiers.swift */,
				414B629B26AC8465003A7F36 /* Log.swift */,
				414B62A426ADB28C003A7F36 /* DefaultsManagable.swift */,
				414B62A626ADB329003A7F36 /* Serializable+Protocol.swift */,
			);
			path = Utils;
			sourceTree = "<group>";
		};
		414B629D26AC9CC3003A7F36 /* ProductDetail */ = {
			isa = PBXGroup;
			children = (
				414B629E26ACA412003A7F36 /* ProductDetailViewControlller.swift */,
			);
			name = ProductDetail;
			sourceTree = "<group>";
		};
		41E0E1D426AA134F00EF06DA = {
			isa = PBXGroup;
			children = (
				41E0E1DF26AA134F00EF06DA /* Harry Potter Ilke */,
				41E0E1F626AA135300EF06DA /* Harry Potter IlkeTests */,
				41E0E20126AA135300EF06DA /* Harry Potter IlkeUITests */,
				41E0E1DE26AA134F00EF06DA /* Products */,
				640111CE1393F1ADF91DAA9F /* Pods */,
				73CE1F56F8744D9EF613F243 /* Frameworks */,
			);
			sourceTree = "<group>";
		};
		41E0E1DE26AA134F00EF06DA /* Products */ = {
			isa = PBXGroup;
			children = (
				41E0E1DD26AA134F00EF06DA /* Harry Potter Ilke.app */,
				41E0E1F326AA135300EF06DA /* Harry Potter IlkeTests.xctest */,
				41E0E1FE26AA135300EF06DA /* Harry Potter IlkeUITests.xctest */,
			);
			name = Products;
			sourceTree = "<group>";
		};
		41E0E1DF26AA134F00EF06DA /* Harry Potter Ilke */ = {
			isa = PBXGroup;
			children = (
				41E0E25226AA1AEF00EF06DA /* Resources */,
				414B629226AC837F003A7F36 /* Utils */,
				414B623A26AAFF6A003A7F36 /* Managers */,
				414B628626AC7F55003A7F36 /* Services */,
				414B628026AC7ECD003A7F36 /* UseCases */,
				414B625C26AC7B27003A7F36 /* FlowCoordinators */,
				414B623726AAFF00003A7F36 /* Extensions */,
				414B627626AC7D15003A7F36 /* Views */,
				41E0E25326AA1B0100EF06DA /* Data */,
				41E0E1EB26AA135200EF06DA /* LaunchScreen.storyboard */,
				41E0E1EE26AA135200EF06DA /* Info.plist */,
			);
			path = "Harry Potter Ilke";
			sourceTree = "<group>";
		};
		41E0E1F626AA135300EF06DA /* Harry Potter IlkeTests */ = {
			isa = PBXGroup;
			children = (
				41E0E1F726AA135300EF06DA /* Harry_Potter_IlkeTests.swift */,
				41E0E1F926AA135300EF06DA /* Info.plist */,
				414B62A026AD6ACD003A7F36 /* ProductListModelTest.swift */,
				414B62A226AD73DF003A7F36 /* ProductListControllerTests.swift */,
			);
			path = "Harry Potter IlkeTests";
			sourceTree = "<group>";
		};
		41E0E20126AA135300EF06DA /* Harry Potter IlkeUITests */ = {
			isa = PBXGroup;
			children = (
				41E0E20226AA135300EF06DA /* Harry_Potter_IlkeUITests.swift */,
				41E0E20426AA135300EF06DA /* Info.plist */,
			);
			path = "Harry Potter IlkeUITests";
			sourceTree = "<group>";
		};
		41E0E24C26AA199B00EF06DA /* ProductList */ = {
			isa = PBXGroup;
			children = (
				41E0E24D26AA19D300EF06DA /* Cells */,
				41E0E1E426AA134F00EF06DA /* ProductListViewController.swift */,
				414B627726AC7D41003A7F36 /* ProductListViewController+Extensions.swift */,
				414B627926AC7D5B003A7F36 /* ProductListNavigator.swift */,
				414B627B26AC7DBA003A7F36 /* ProductListViewModel.swift */,
			);
			path = ProductList;
			sourceTree = "<group>";
		};
		41E0E24D26AA19D300EF06DA /* Cells */ = {
			isa = PBXGroup;
			children = (
				41E0E24E26AA1A0300EF06DA /* ProductCell.swift */,
			);
			path = Cells;
			sourceTree = "<group>";
		};
		41E0E25226AA1AEF00EF06DA /* Resources */ = {
			isa = PBXGroup;
			children = (
				41E0E1E026AA134F00EF06DA /* AppDelegate.swift */,
				41E0E1E926AA135200EF06DA /* Assets.xcassets */,
			);
			path = Resources;
			sourceTree = "<group>";
		};
		41E0E25326AA1B0100EF06DA /* Data */ = {
			isa = PBXGroup;
			children = (
				41E0E25026AA1ADB00EF06DA /* products.json */,
			);
			path = Data;
			sourceTree = "<group>";
		};
		640111CE1393F1ADF91DAA9F /* Pods */ = {
			isa = PBXGroup;
			children = (
				4150E8400093E0BE71F66336 /* Pods-Harry Potter Ilke.debug.xcconfig */,
				53C35E172C662E4DB76D2A24 /* Pods-Harry Potter Ilke.release.xcconfig */,
				B18648A2B82E5DB86B27EB99 /* Pods-Harry Potter Ilke-Harry Potter IlkeUITests.debug.xcconfig */,
				2B8B341E972805990596B899 /* Pods-Harry Potter Ilke-Harry Potter IlkeUITests.release.xcconfig */,
				64FC8AF6CA7FA1AEE56D896A /* Pods-Harry Potter IlkeTests.debug.xcconfig */,
				D3547038D5015FD3C58CE88F /* Pods-Harry Potter IlkeTests.release.xcconfig */,
			);
			path = Pods;
			sourceTree = "<group>";
		};
		73CE1F56F8744D9EF613F243 /* Frameworks */ = {
			isa = PBXGroup;
			children = (
				CC3135E5BDA1175B04F3B91A /* Pods_Harry_Potter_Ilke.framework */,
				8C09AECB9879FDDA46C30A34 /* Pods_Harry_Potter_Ilke_Harry_Potter_IlkeUITests.framework */,
				F15EB3FDAC9D6023300A7610 /* Pods_Harry_Potter_IlkeTests.framework */,
			);
			name = Frameworks;
			sourceTree = "<group>";
		};
/* End PBXGroup section */

/* Begin PBXNativeTarget section */
		41E0E1DC26AA134F00EF06DA /* Harry Potter Ilke */ = {
			isa = PBXNativeTarget;
			buildConfigurationList = 41E0E20726AA135300EF06DA /* Build configuration list for PBXNativeTarget "Harry Potter Ilke" */;
			buildPhases = (
				233FA17C4E6D0213489A32F0 /* [CP] Check Pods Manifest.lock */,
				41E0E1D926AA134F00EF06DA /* Sources */,
				41E0E1DA26AA134F00EF06DA /* Frameworks */,
				41E0E1DB26AA134F00EF06DA /* Resources */,
				631B6CDFE183870EFB32540B /* [CP] Embed Pods Frameworks */,
			);
			buildRules = (
			);
			dependencies = (
			);
			name = "Harry Potter Ilke";
			productName = "Harry Potter Ilke";
			productReference = 41E0E1DD26AA134F00EF06DA /* Harry Potter Ilke.app */;
			productType = "com.apple.product-type.application";
		};
		41E0E1F226AA135300EF06DA /* Harry Potter IlkeTests */ = {
			isa = PBXNativeTarget;
			buildConfigurationList = 41E0E20A26AA135300EF06DA /* Build configuration list for PBXNativeTarget "Harry Potter IlkeTests" */;
			buildPhases = (
				D87FEFC4DC31FD7D0B73ED49 /* [CP] Check Pods Manifest.lock */,
				41E0E1EF26AA135300EF06DA /* Sources */,
				41E0E1F026AA135300EF06DA /* Frameworks */,
				41E0E1F126AA135300EF06DA /* Resources */,
			);
			buildRules = (
			);
			dependencies = (
				41E0E1F526AA135300EF06DA /* PBXTargetDependency */,
			);
			name = "Harry Potter IlkeTests";
			productName = "Harry Potter IlkeTests";
			productReference = 41E0E1F326AA135300EF06DA /* Harry Potter IlkeTests.xctest */;
			productType = "com.apple.product-type.bundle.unit-test";
		};
		41E0E1FD26AA135300EF06DA /* Harry Potter IlkeUITests */ = {
			isa = PBXNativeTarget;
			buildConfigurationList = 41E0E20D26AA135300EF06DA /* Build configuration list for PBXNativeTarget "Harry Potter IlkeUITests" */;
			buildPhases = (
				66DB535E1724DD36E2684679 /* [CP] Check Pods Manifest.lock */,
				41E0E1FA26AA135300EF06DA /* Sources */,
				41E0E1FB26AA135300EF06DA /* Frameworks */,
				41E0E1FC26AA135300EF06DA /* Resources */,
				BA8F4D1EF68B88444C13D267 /* [CP] Embed Pods Frameworks */,
			);
			buildRules = (
			);
			dependencies = (
				41E0E20026AA135300EF06DA /* PBXTargetDependency */,
			);
			name = "Harry Potter IlkeUITests";
			productName = "Harry Potter IlkeUITests";
			productReference = 41E0E1FE26AA135300EF06DA /* Harry Potter IlkeUITests.xctest */;
			productType = "com.apple.product-type.bundle.ui-testing";
		};
/* End PBXNativeTarget section */

/* Begin PBXProject section */
		41E0E1D526AA134F00EF06DA /* Project object */ = {
			isa = PBXProject;
			attributes = {
				LastSwiftUpdateCheck = 1250;
				LastUpgradeCheck = 1250;
				TargetAttributes = {
					41E0E1DC26AA134F00EF06DA = {
						CreatedOnToolsVersion = 12.5.1;
					};
					41E0E1F226AA135300EF06DA = {
						CreatedOnToolsVersion = 12.5.1;
						TestTargetID = 41E0E1DC26AA134F00EF06DA;
					};
					41E0E1FD26AA135300EF06DA = {
						CreatedOnToolsVersion = 12.5.1;
						TestTargetID = 41E0E1DC26AA134F00EF06DA;
					};
				};
			};
			buildConfigurationList = 41E0E1D826AA134F00EF06DA /* Build configuration list for PBXProject "Harry Potter Ilke" */;
			compatibilityVersion = "Xcode 9.3";
			developmentRegion = en;
			hasScannedForEncodings = 0;
			knownRegions = (
				en,
				Base,
			);
			mainGroup = 41E0E1D426AA134F00EF06DA;
			productRefGroup = 41E0E1DE26AA134F00EF06DA /* Products */;
			projectDirPath = "";
			projectRoot = "";
			targets = (
				41E0E1DC26AA134F00EF06DA /* Harry Potter Ilke */,
				41E0E1F226AA135300EF06DA /* Harry Potter IlkeTests */,
				41E0E1FD26AA135300EF06DA /* Harry Potter IlkeUITests */,
			);
		};
/* End PBXProject section */

/* Begin PBXResourcesBuildPhase section */
		41E0E1DB26AA134F00EF06DA /* Resources */ = {
			isa = PBXResourcesBuildPhase;
			buildActionMask = 2147483647;
			files = (
				41E0E25126AA1ADB00EF06DA /* products.json in Resources */,
				41E0E1ED26AA135200EF06DA /* LaunchScreen.storyboard in Resources */,
				41E0E1EA26AA135200EF06DA /* Assets.xcassets in Resources */,
			);
			runOnlyForDeploymentPostprocessing = 0;
		};
		41E0E1F126AA135300EF06DA /* Resources */ = {
			isa = PBXResourcesBuildPhase;
			buildActionMask = 2147483647;
			files = (
			);
			runOnlyForDeploymentPostprocessing = 0;
		};
		41E0E1FC26AA135300EF06DA /* Resources */ = {
			isa = PBXResourcesBuildPhase;
			buildActionMask = 2147483647;
			files = (
			);
			runOnlyForDeploymentPostprocessing = 0;
		};
/* End PBXResourcesBuildPhase section */

/* Begin PBXShellScriptBuildPhase section */
		233FA17C4E6D0213489A32F0 /* [CP] Check Pods Manifest.lock */ = {
			isa = PBXShellScriptBuildPhase;
			buildActionMask = 2147483647;
			files = (
			);
			inputFileListPaths = (
			);
			inputPaths = (
				"${PODS_PODFILE_DIR_PATH}/Podfile.lock",
				"${PODS_ROOT}/Manifest.lock",
			);
			name = "[CP] Check Pods Manifest.lock";
			outputFileListPaths = (
			);
			outputPaths = (
				"$(DERIVED_FILE_DIR)/Pods-Harry Potter Ilke-checkManifestLockResult.txt",
			);
			runOnlyForDeploymentPostprocessing = 0;
			shellPath = /bin/sh;
			shellScript = "diff \"${PODS_PODFILE_DIR_PATH}/Podfile.lock\" \"${PODS_ROOT}/Manifest.lock\" > /dev/null\nif [ $? != 0 ] ; then\n    # print error to STDERR\n    echo \"error: The sandbox is not in sync with the Podfile.lock. Run 'pod install' or update your CocoaPods installation.\" >&2\n    exit 1\nfi\n# This output is used by Xcode 'outputs' to avoid re-running this script phase.\necho \"SUCCESS\" > \"${SCRIPT_OUTPUT_FILE_0}\"\n";
			showEnvVarsInLog = 0;
		};
		631B6CDFE183870EFB32540B /* [CP] Embed Pods Frameworks */ = {
			isa = PBXShellScriptBuildPhase;
			buildActionMask = 2147483647;
			files = (
			);
			inputFileListPaths = (
				"${PODS_ROOT}/Target Support Files/Pods-Harry Potter Ilke/Pods-Harry Potter Ilke-frameworks-${CONFIGURATION}-input-files.xcfilelist",
			);
			name = "[CP] Embed Pods Frameworks";
			outputFileListPaths = (
				"${PODS_ROOT}/Target Support Files/Pods-Harry Potter Ilke/Pods-Harry Potter Ilke-frameworks-${CONFIGURATION}-output-files.xcfilelist",
			);
			runOnlyForDeploymentPostprocessing = 0;
			shellPath = /bin/sh;
			shellScript = "\"${PODS_ROOT}/Target Support Files/Pods-Harry Potter Ilke/Pods-Harry Potter Ilke-frameworks.sh\"\n";
			showEnvVarsInLog = 0;
		};
		66DB535E1724DD36E2684679 /* [CP] Check Pods Manifest.lock */ = {
			isa = PBXShellScriptBuildPhase;
			buildActionMask = 2147483647;
			files = (
			);
			inputFileListPaths = (
			);
			inputPaths = (
				"${PODS_PODFILE_DIR_PATH}/Podfile.lock",
				"${PODS_ROOT}/Manifest.lock",
			);
			name = "[CP] Check Pods Manifest.lock";
			outputFileListPaths = (
			);
			outputPaths = (
				"$(DERIVED_FILE_DIR)/Pods-Harry Potter Ilke-Harry Potter IlkeUITests-checkManifestLockResult.txt",
			);
			runOnlyForDeploymentPostprocessing = 0;
			shellPath = /bin/sh;
			shellScript = "diff \"${PODS_PODFILE_DIR_PATH}/Podfile.lock\" \"${PODS_ROOT}/Manifest.lock\" > /dev/null\nif [ $? != 0 ] ; then\n    # print error to STDERR\n    echo \"error: The sandbox is not in sync with the Podfile.lock. Run 'pod install' or update your CocoaPods installation.\" >&2\n    exit 1\nfi\n# This output is used by Xcode 'outputs' to avoid re-running this script phase.\necho \"SUCCESS\" > \"${SCRIPT_OUTPUT_FILE_0}\"\n";
			showEnvVarsInLog = 0;
		};
		BA8F4D1EF68B88444C13D267 /* [CP] Embed Pods Frameworks */ = {
			isa = PBXShellScriptBuildPhase;
			buildActionMask = 2147483647;
			files = (
			);
			inputFileListPaths = (
				"${PODS_ROOT}/Target Support Files/Pods-Harry Potter Ilke-Harry Potter IlkeUITests/Pods-Harry Potter Ilke-Harry Potter IlkeUITests-frameworks-${CONFIGURATION}-input-files.xcfilelist",
			);
			name = "[CP] Embed Pods Frameworks";
			outputFileListPaths = (
				"${PODS_ROOT}/Target Support Files/Pods-Harry Potter Ilke-Harry Potter IlkeUITests/Pods-Harry Potter Ilke-Harry Potter IlkeUITests-frameworks-${CONFIGURATION}-output-files.xcfilelist",
			);
			runOnlyForDeploymentPostprocessing = 0;
			shellPath = /bin/sh;
			shellScript = "\"${PODS_ROOT}/Target Support Files/Pods-Harry Potter Ilke-Harry Potter IlkeUITests/Pods-Harry Potter Ilke-Harry Potter IlkeUITests-frameworks.sh\"\n";
			showEnvVarsInLog = 0;
		};
		D87FEFC4DC31FD7D0B73ED49 /* [CP] Check Pods Manifest.lock */ = {
			isa = PBXShellScriptBuildPhase;
			buildActionMask = 2147483647;
			files = (
			);
			inputFileListPaths = (
			);
			inputPaths = (
				"${PODS_PODFILE_DIR_PATH}/Podfile.lock",
				"${PODS_ROOT}/Manifest.lock",
			);
			name = "[CP] Check Pods Manifest.lock";
			outputFileListPaths = (
			);
			outputPaths = (
				"$(DERIVED_FILE_DIR)/Pods-Harry Potter IlkeTests-checkManifestLockResult.txt",
			);
			runOnlyForDeploymentPostprocessing = 0;
			shellPath = /bin/sh;
			shellScript = "diff \"${PODS_PODFILE_DIR_PATH}/Podfile.lock\" \"${PODS_ROOT}/Manifest.lock\" > /dev/null\nif [ $? != 0 ] ; then\n    # print error to STDERR\n    echo \"error: The sandbox is not in sync with the Podfile.lock. Run 'pod install' or update your CocoaPods installation.\" >&2\n    exit 1\nfi\n# This output is used by Xcode 'outputs' to avoid re-running this script phase.\necho \"SUCCESS\" > \"${SCRIPT_OUTPUT_FILE_0}\"\n";
			showEnvVarsInLog = 0;
		};
/* End PBXShellScriptBuildPhase section */

/* Begin PBXSourcesBuildPhase section */
		41E0E1D926AA134F00EF06DA /* Sources */ = {
			isa = PBXSourcesBuildPhase;
			buildActionMask = 2147483647;
			files = (
				414B629826AC83C4003A7F36 /* AccessibilityIdentifiers.swift in Sources */,
				414B628D26AC8285003A7F36 /* NetworkService.swift in Sources */,
				41E0E1E526AA134F00EF06DA /* ProductListViewController.swift in Sources */,
				414B627A26AC7D5B003A7F36 /* ProductListNavigator.swift in Sources */,
				41E0E24F26AA1A0300EF06DA /* ProductCell.swift in Sources */,
				41E0E1E126AA134F00EF06DA /* AppDelegate.swift in Sources */,
				414B627026AC7C68003A7F36 /* FlowCoordinatorDependencyProviders.swift in Sources */,
				414B627F26AC7E51003A7F36 /* UIViewController+Child.swift in Sources */,
				414B629426AC8397003A7F36 /* Publisher+Utils.swift in Sources */,
				414B627426AC7CEF003A7F36 /* ProductListViewModelType.swift in Sources */,
				414B628F26AC8304003A7F36 /* Resource.swift in Sources */,
				414B629126AC8334003A7F36 /* Scheduler.swift in Sources */,
				414B626E26AC7BB9003A7F36 /* ApplicationComponentsFactory.swift in Sources */,
				414B628826AC7F67003A7F36 /* ServicesProvider.swift in Sources */,
				414B623926AAFF26003A7F36 /* UIFont+Extensions.swift in Sources */,
				414B626A26AC7B7B003A7F36 /* FlowCoordinator.swift in Sources */,
				414B628426AC7F09003A7F36 /* ResourceFile.swift in Sources */,
				414B627826AC7D41003A7F36 /* ProductListViewController+Extensions.swift in Sources */,
				414B62A526ADB28C003A7F36 /* DefaultsManagable.swift in Sources */,
				414B623E26AB01FB003A7F36 /* UIColor+Extensions.swift in Sources */,
				414B62A726ADB329003A7F36 /* Serializable+Protocol.swift in Sources */,
				414B627226AC7CA8003A7F36 /* ProductListFlowCoordinator.swift in Sources */,
				414B626C26AC7B92003A7F36 /* ApplicationFlowCoordinator.swift in Sources */,
				410EAD3426AAF23E0032B49D /* ProductList.swift in Sources */,
				414B629C26AC8465003A7F36 /* Log.swift in Sources */,
				414B628226AC7EE5003A7F36 /* ProductListCase.swift in Sources */,
				414B628B26AC8245003A7F36 /* NetworkServiceType.swift in Sources */,
				414B627C26AC7DBA003A7F36 /* ProductListViewModel.swift in Sources */,
				414B629626AC83AF003A7F36 /* AutoMockable.swift in Sources */,
				414B623C26AAFF7F003A7F36 /* ThemeManager.swift in Sources */,
				414B629F26ACA412003A7F36 /* ProductDetailViewControlller.swift in Sources */,
			);
			runOnlyForDeploymentPostprocessing = 0;
		};
		41E0E1EF26AA135300EF06DA /* Sources */ = {
			isa = PBXSourcesBuildPhase;
			buildActionMask = 2147483647;
			files = (
				41E0E1F826AA135300EF06DA /* Harry_Potter_IlkeTests.swift in Sources */,
				414B62A126AD6ACD003A7F36 /* ProductListModelTest.swift in Sources */,
				414B62A326AD73DF003A7F36 /* ProductListControllerTests.swift in Sources */,
			);
			runOnlyForDeploymentPostprocessing = 0;
		};
		41E0E1FA26AA135300EF06DA /* Sources */ = {
			isa = PBXSourcesBuildPhase;
			buildActionMask = 2147483647;
			files = (
				41E0E20326AA135300EF06DA /* Harry_Potter_IlkeUITests.swift in Sources */,
			);
			runOnlyForDeploymentPostprocessing = 0;
		};
/* End PBXSourcesBuildPhase section */

/* Begin PBXTargetDependency section */
		41E0E1F526AA135300EF06DA /* PBXTargetDependency */ = {
			isa = PBXTargetDependency;
			target = 41E0E1DC26AA134F00EF06DA /* Harry Potter Ilke */;
			targetProxy = 41E0E1F426AA135300EF06DA /* PBXContainerItemProxy */;
		};
		41E0E20026AA135300EF06DA /* PBXTargetDependency */ = {
			isa = PBXTargetDependency;
			target = 41E0E1DC26AA134F00EF06DA /* Harry Potter Ilke */;
			targetProxy = 41E0E1FF26AA135300EF06DA /* PBXContainerItemProxy */;
		};
/* End PBXTargetDependency section */

/* Begin PBXVariantGroup section */
		41E0E1EB26AA135200EF06DA /* LaunchScreen.storyboard */ = {
			isa = PBXVariantGroup;
			children = (
				41E0E1EC26AA135200EF06DA /* Base */,
			);
			name = LaunchScreen.storyboard;
			sourceTree = "<group>";
		};
/* End PBXVariantGroup section */

/* Begin XCBuildConfiguration section */
		41E0E20526AA135300EF06DA /* Debug */ = {
			isa = XCBuildConfiguration;
			buildSettings = {
				ALWAYS_SEARCH_USER_PATHS = NO;
				CLANG_ANALYZER_NONNULL = YES;
				CLANG_ANALYZER_NUMBER_OBJECT_CONVERSION = YES_AGGRESSIVE;
				CLANG_CXX_LANGUAGE_STANDARD = "gnu++14";
				CLANG_CXX_LIBRARY = "libc++";
				CLANG_ENABLE_MODULES = YES;
				CLANG_ENABLE_OBJC_ARC = YES;
				CLANG_ENABLE_OBJC_WEAK = YES;
				CLANG_WARN_BLOCK_CAPTURE_AUTORELEASING = YES;
				CLANG_WARN_BOOL_CONVERSION = YES;
				CLANG_WARN_COMMA = YES;
				CLANG_WARN_CONSTANT_CONVERSION = YES;
				CLANG_WARN_DEPRECATED_OBJC_IMPLEMENTATIONS = YES;
				CLANG_WARN_DIRECT_OBJC_ISA_USAGE = YES_ERROR;
				CLANG_WARN_DOCUMENTATION_COMMENTS = YES;
				CLANG_WARN_EMPTY_BODY = YES;
				CLANG_WARN_ENUM_CONVERSION = YES;
				CLANG_WARN_INFINITE_RECURSION = YES;
				CLANG_WARN_INT_CONVERSION = YES;
				CLANG_WARN_NON_LITERAL_NULL_CONVERSION = YES;
				CLANG_WARN_OBJC_IMPLICIT_RETAIN_SELF = YES;
				CLANG_WARN_OBJC_LITERAL_CONVERSION = YES;
				CLANG_WARN_OBJC_ROOT_CLASS = YES_ERROR;
				CLANG_WARN_QUOTED_INCLUDE_IN_FRAMEWORK_HEADER = YES;
				CLANG_WARN_RANGE_LOOP_ANALYSIS = YES;
				CLANG_WARN_STRICT_PROTOTYPES = YES;
				CLANG_WARN_SUSPICIOUS_MOVE = YES;
				CLANG_WARN_UNGUARDED_AVAILABILITY = YES_AGGRESSIVE;
				CLANG_WARN_UNREACHABLE_CODE = YES;
				CLANG_WARN__DUPLICATE_METHOD_MATCH = YES;
				COPY_PHASE_STRIP = NO;
				DEBUG_INFORMATION_FORMAT = dwarf;
				ENABLE_STRICT_OBJC_MSGSEND = YES;
				ENABLE_TESTABILITY = YES;
				GCC_C_LANGUAGE_STANDARD = gnu11;
				GCC_DYNAMIC_NO_PIC = NO;
				GCC_NO_COMMON_BLOCKS = YES;
				GCC_OPTIMIZATION_LEVEL = 0;
				GCC_PREPROCESSOR_DEFINITIONS = (
					"DEBUG=1",
					"$(inherited)",
				);
				GCC_WARN_64_TO_32_BIT_CONVERSION = YES;
				GCC_WARN_ABOUT_RETURN_TYPE = YES_ERROR;
				GCC_WARN_UNDECLARED_SELECTOR = YES;
				GCC_WARN_UNINITIALIZED_AUTOS = YES_AGGRESSIVE;
				GCC_WARN_UNUSED_FUNCTION = YES;
				GCC_WARN_UNUSED_VARIABLE = YES;
				IPHONEOS_DEPLOYMENT_TARGET = 14.5;
				MTL_ENABLE_DEBUG_INFO = INCLUDE_SOURCE;
				MTL_FAST_MATH = YES;
				ONLY_ACTIVE_ARCH = YES;
				SDKROOT = iphoneos;
				SWIFT_ACTIVE_COMPILATION_CONDITIONS = DEBUG;
				SWIFT_OPTIMIZATION_LEVEL = "-Onone";
			};
			name = Debug;
		};
		41E0E20626AA135300EF06DA /* Release */ = {
			isa = XCBuildConfiguration;
			buildSettings = {
				ALWAYS_SEARCH_USER_PATHS = NO;
				CLANG_ANALYZER_NONNULL = YES;
				CLANG_ANALYZER_NUMBER_OBJECT_CONVERSION = YES_AGGRESSIVE;
				CLANG_CXX_LANGUAGE_STANDARD = "gnu++14";
				CLANG_CXX_LIBRARY = "libc++";
				CLANG_ENABLE_MODULES = YES;
				CLANG_ENABLE_OBJC_ARC = YES;
				CLANG_ENABLE_OBJC_WEAK = YES;
				CLANG_WARN_BLOCK_CAPTURE_AUTORELEASING = YES;
				CLANG_WARN_BOOL_CONVERSION = YES;
				CLANG_WARN_COMMA = YES;
				CLANG_WARN_CONSTANT_CONVERSION = YES;
				CLANG_WARN_DEPRECATED_OBJC_IMPLEMENTATIONS = YES;
				CLANG_WARN_DIRECT_OBJC_ISA_USAGE = YES_ERROR;
				CLANG_WARN_DOCUMENTATION_COMMENTS = YES;
				CLANG_WARN_EMPTY_BODY = YES;
				CLANG_WARN_ENUM_CONVERSION = YES;
				CLANG_WARN_INFINITE_RECURSION = YES;
				CLANG_WARN_INT_CONVERSION = YES;
				CLANG_WARN_NON_LITERAL_NULL_CONVERSION = YES;
				CLANG_WARN_OBJC_IMPLICIT_RETAIN_SELF = YES;
				CLANG_WARN_OBJC_LITERAL_CONVERSION = YES;
				CLANG_WARN_OBJC_ROOT_CLASS = YES_ERROR;
				CLANG_WARN_QUOTED_INCLUDE_IN_FRAMEWORK_HEADER = YES;
				CLANG_WARN_RANGE_LOOP_ANALYSIS = YES;
				CLANG_WARN_STRICT_PROTOTYPES = YES;
				CLANG_WARN_SUSPICIOUS_MOVE = YES;
				CLANG_WARN_UNGUARDED_AVAILABILITY = YES_AGGRESSIVE;
				CLANG_WARN_UNREACHABLE_CODE = YES;
				CLANG_WARN__DUPLICATE_METHOD_MATCH = YES;
				COPY_PHASE_STRIP = NO;
				DEBUG_INFORMATION_FORMAT = "dwarf-with-dsym";
				ENABLE_NS_ASSERTIONS = NO;
				ENABLE_STRICT_OBJC_MSGSEND = YES;
				GCC_C_LANGUAGE_STANDARD = gnu11;
				GCC_NO_COMMON_BLOCKS = YES;
				GCC_WARN_64_TO_32_BIT_CONVERSION = YES;
				GCC_WARN_ABOUT_RETURN_TYPE = YES_ERROR;
				GCC_WARN_UNDECLARED_SELECTOR = YES;
				GCC_WARN_UNINITIALIZED_AUTOS = YES_AGGRESSIVE;
				GCC_WARN_UNUSED_FUNCTION = YES;
				GCC_WARN_UNUSED_VARIABLE = YES;
				IPHONEOS_DEPLOYMENT_TARGET = 14.5;
				MTL_ENABLE_DEBUG_INFO = NO;
				MTL_FAST_MATH = YES;
				SDKROOT = iphoneos;
				SWIFT_COMPILATION_MODE = wholemodule;
				SWIFT_OPTIMIZATION_LEVEL = "-O";
				VALIDATE_PRODUCT = YES;
			};
			name = Release;
		};
		41E0E20826AA135300EF06DA /* Debug */ = {
			isa = XCBuildConfiguration;
			baseConfigurationReference = 4150E8400093E0BE71F66336 /* Pods-Harry Potter Ilke.debug.xcconfig */;
			buildSettings = {
				ASSETCATALOG_COMPILER_APPICON_NAME = AppIcon;
				ASSETCATALOG_COMPILER_GLOBAL_ACCENT_COLOR_NAME = AccentColor;
				CODE_SIGN_STYLE = Automatic;
				DEVELOPMENT_TEAM = 3439S6K9QQ;
				INFOPLIST_FILE = "Harry Potter Ilke/Info.plist";
				LD_RUNPATH_SEARCH_PATHS = (
					"$(inherited)",
					"@executable_path/Frameworks",
				);
				PRODUCT_BUNDLE_IDENTIFIER = "ilkeyucel.Harry-Potter-Ilke";
				PRODUCT_NAME = "$(TARGET_NAME)";
				SWIFT_VERSION = 5.0;
				TARGETED_DEVICE_FAMILY = "1,2";
			};
			name = Debug;
		};
		41E0E20926AA135300EF06DA /* Release */ = {
			isa = XCBuildConfiguration;
			baseConfigurationReference = 53C35E172C662E4DB76D2A24 /* Pods-Harry Potter Ilke.release.xcconfig */;
			buildSettings = {
				ASSETCATALOG_COMPILER_APPICON_NAME = AppIcon;
				ASSETCATALOG_COMPILER_GLOBAL_ACCENT_COLOR_NAME = AccentColor;
				CODE_SIGN_STYLE = Automatic;
				DEVELOPMENT_TEAM = 3439S6K9QQ;
				INFOPLIST_FILE = "Harry Potter Ilke/Info.plist";
				LD_RUNPATH_SEARCH_PATHS = (
					"$(inherited)",
					"@executable_path/Frameworks",
				);
				PRODUCT_BUNDLE_IDENTIFIER = "ilkeyucel.Harry-Potter-Ilke";
				PRODUCT_NAME = "$(TARGET_NAME)";
				SWIFT_VERSION = 5.0;
				TARGETED_DEVICE_FAMILY = "1,2";
			};
			name = Release;
		};
		41E0E20B26AA135300EF06DA /* Debug */ = {
			isa = XCBuildConfiguration;
			baseConfigurationReference = 64FC8AF6CA7FA1AEE56D896A /* Pods-Harry Potter IlkeTests.debug.xcconfig */;
			buildSettings = {
				ALWAYS_EMBED_SWIFT_STANDARD_LIBRARIES = YES;
				BUNDLE_LOADER = "$(TEST_HOST)";
				CODE_SIGN_STYLE = Automatic;
				DEVELOPMENT_TEAM = 3439S6K9QQ;
				INFOPLIST_FILE = "Harry Potter IlkeTests/Info.plist";
				IPHONEOS_DEPLOYMENT_TARGET = 14.5;
				LD_RUNPATH_SEARCH_PATHS = (
					"$(inherited)",
					"@executable_path/Frameworks",
					"@loader_path/Frameworks",
				);
				PRODUCT_BUNDLE_IDENTIFIER = "ilkeyucel.Harry-Potter-IlkeTests";
				PRODUCT_NAME = "$(TARGET_NAME)";
				SWIFT_VERSION = 5.0;
				TARGETED_DEVICE_FAMILY = "1,2";
				TEST_HOST = "$(BUILT_PRODUCTS_DIR)/Harry Potter Ilke.app/Harry Potter Ilke";
			};
			name = Debug;
		};
		41E0E20C26AA135300EF06DA /* Release */ = {
			isa = XCBuildConfiguration;
			baseConfigurationReference = D3547038D5015FD3C58CE88F /* Pods-Harry Potter IlkeTests.release.xcconfig */;
			buildSettings = {
				ALWAYS_EMBED_SWIFT_STANDARD_LIBRARIES = YES;
				BUNDLE_LOADER = "$(TEST_HOST)";
				CODE_SIGN_STYLE = Automatic;
				DEVELOPMENT_TEAM = 3439S6K9QQ;
				INFOPLIST_FILE = "Harry Potter IlkeTests/Info.plist";
				IPHONEOS_DEPLOYMENT_TARGET = 14.5;
				LD_RUNPATH_SEARCH_PATHS = (
					"$(inherited)",
					"@executable_path/Frameworks",
					"@loader_path/Frameworks",
				);
				PRODUCT_BUNDLE_IDENTIFIER = "ilkeyucel.Harry-Potter-IlkeTests";
				PRODUCT_NAME = "$(TARGET_NAME)";
				SWIFT_VERSION = 5.0;
				TARGETED_DEVICE_FAMILY = "1,2";
				TEST_HOST = "$(BUILT_PRODUCTS_DIR)/Harry Potter Ilke.app/Harry Potter Ilke";
			};
			name = Release;
		};
		41E0E20E26AA135300EF06DA /* Debug */ = {
			isa = XCBuildConfiguration;
			baseConfigurationReference = B18648A2B82E5DB86B27EB99 /* Pods-Harry Potter Ilke-Harry Potter IlkeUITests.debug.xcconfig */;
			buildSettings = {
				ALWAYS_EMBED_SWIFT_STANDARD_LIBRARIES = YES;
				CODE_SIGN_STYLE = Automatic;
				DEVELOPMENT_TEAM = 3439S6K9QQ;
				INFOPLIST_FILE = "Harry Potter IlkeUITests/Info.plist";
				LD_RUNPATH_SEARCH_PATHS = (
					"$(inherited)",
					"@executable_path/Frameworks",
					"@loader_path/Frameworks",
				);
				PRODUCT_BUNDLE_IDENTIFIER = "ilkeyucel.Harry-Potter-IlkeUITests";
				PRODUCT_NAME = "$(TARGET_NAME)";
				SWIFT_VERSION = 5.0;
				TARGETED_DEVICE_FAMILY = "1,2";
				TEST_TARGET_NAME = "Harry Potter Ilke";
			};
			name = Debug;
		};
		41E0E20F26AA135300EF06DA /* Release */ = {
			isa = XCBuildConfiguration;
			baseConfigurationReference = 2B8B341E972805990596B899 /* Pods-Harry Potter Ilke-Harry Potter IlkeUITests.release.xcconfig */;
			buildSettings = {
				ALWAYS_EMBED_SWIFT_STANDARD_LIBRARIES = YES;
				CODE_SIGN_STYLE = Automatic;
				DEVELOPMENT_TEAM = 3439S6K9QQ;
				INFOPLIST_FILE = "Harry Potter IlkeUITests/Info.plist";
				LD_RUNPATH_SEARCH_PATHS = (
					"$(inherited)",
					"@executable_path/Frameworks",
					"@loader_path/Frameworks",
				);
				PRODUCT_BUNDLE_IDENTIFIER = "ilkeyucel.Harry-Potter-IlkeUITests";
				PRODUCT_NAME = "$(TARGET_NAME)";
				SWIFT_VERSION = 5.0;
				TARGETED_DEVICE_FAMILY = "1,2";
				TEST_TARGET_NAME = "Harry Potter Ilke";
			};
			name = Release;
		};
/* End XCBuildConfiguration section */

/* Begin XCConfigurationList section */
		41E0E1D826AA134F00EF06DA /* Build configuration list for PBXProject "Harry Potter Ilke" */ = {
			isa = XCConfigurationList;
			buildConfigurations = (
				41E0E20526AA135300EF06DA /* Debug */,
				41E0E20626AA135300EF06DA /* Release */,
			);
			defaultConfigurationIsVisible = 0;
			defaultConfigurationName = Release;
		};
		41E0E20726AA135300EF06DA /* Build configuration list for PBXNativeTarget "Harry Potter Ilke" */ = {
			isa = XCConfigurationList;
			buildConfigurations = (
				41E0E20826AA135300EF06DA /* Debug */,
				41E0E20926AA135300EF06DA /* Release */,
			);
			defaultConfigurationIsVisible = 0;
			defaultConfigurationName = Release;
		};
		41E0E20A26AA135300EF06DA /* Build configuration list for PBXNativeTarget "Harry Potter IlkeTests" */ = {
			isa = XCConfigurationList;
			buildConfigurations = (
				41E0E20B26AA135300EF06DA /* Debug */,
				41E0E20C26AA135300EF06DA /* Release */,
			);
			defaultConfigurationIsVisible = 0;
			defaultConfigurationName = Release;
		};
		41E0E20D26AA135300EF06DA /* Build configuration list for PBXNativeTarget "Harry Potter IlkeUITests" */ = {
			isa = XCConfigurationList;
			buildConfigurations = (
				41E0E20E26AA135300EF06DA /* Debug */,
				41E0E20F26AA135300EF06DA /* Release */,
			);
			defaultConfigurationIsVisible = 0;
			defaultConfigurationName = Release;
		};
/* End XCConfigurationList section */
	};
	rootObject = 41E0E1D526AA134F00EF06DA /* Project object */;
}
